<?xml version="1.0" encoding="utf-8"?>
<Project ToolsVersion="4.0" xmlns="http://schemas.microsoft.com/developer/msbuild/2003">
  <ItemGroup>
    <Filter Include="Source Files">
      <UniqueIdentifier>{4FC737F1-C7A5-4376-A066-2A32D752A2FF}</UniqueIdentifier>
      <Extensions>cpp;c;cc;cxx;c++;cppm;ixx;def;odl;idl;hpj;bat;asm;asmx</Extensions>
    </Filter>
    <Filter Include="Header Files">
      <UniqueIdentifier>{93995380-89BD-4b04-88EB-625FBE52EBFB}</UniqueIdentifier>
      <Extensions>h;hh;hpp;hxx;h++;hm;inl;inc;ipp;xsd</Extensions>
    </Filter>
    <Filter Include="Library Files">
      <UniqueIdentifier>{18be40ac-9367-46ff-b848-4c528aa97a8d}</UniqueIdentifier>
      <Extensions>lib</Extensions>
    </Filter>
  </ItemGroup>
  <ItemGroup>
    <ClCompile Include="dllmain.cpp">
      <Filter>Source Files</Filter>
    </ClCompile>
    <ClCompile Include="CoreCLR.cpp">
      <Filter>Source Files</Filter>
    </ClCompile>
    <ClCompile Include="boot.cpp">
      <Filter>Source Files</Filter>
    </ClCompile>
  </ItemGroup>
  <ItemGroup>
    <ClInclude Include="CoreCLR.h">
      <Filter>Header Files</Filter>
    </ClInclude>
    <ClInclude Include="core\coreclr_delegates.h">
      <Filter>Header Files</Filter>
    </ClInclude>
    <ClInclude Include="core\hostfxr.h">
      <Filter>Header Files</Filter>
    </ClInclude>
    <ClInclude Include="nethost\nethost.h">
      <Filter>Header Files</Filter>
    </ClInclude>
    <ClInclude Include="boot.h">
      <Filter>Header Files</Filter>
    </ClInclude>
  </ItemGroup>
  <ItemGroup>
    <Library Include="nethost\libnethost.lib">
      <Filter>Library Files</Filter>
    </Library>
    <Library Include="nethost\nethost.lib">
      <Filter>Library Files</Filter>
    </Library>
  </ItemGroup>
</Project>